// !$*UTF8*$!
{
	archiveVersion = 1;
	classes = {
	};
	objectVersion = 77;
	objects = {

/* Begin PBXContainerItemProxy section */
		ED05C0172DE9561700E6C41F /* PBXContainerItemProxy */ = {
			isa = PBXContainerItemProxy;
			containerPortal = ED05BFF82DE9561400E6C41F /* Project object */;
			proxyType = 1;
			remoteGlobalIDString = ED05BFFF2DE9561400E6C41F;
			remoteInfo = "Twitter Clone";
		};
		ED05C0212DE9561700E6C41F /* PBXContainerItemProxy */ = {
			isa = PBXContainerItemProxy;
			containerPortal = ED05BFF82DE9561400E6C41F /* Project object */;
			proxyType = 1;
			remoteGlobalIDString = ED05BFFF2DE9561400E6C41F;
			remoteInfo = "Twitter Clone";
		};
/* End PBXContainerItemProxy section */

/* Begin PBXFileReference section */
		ED05C0002DE9561400E6C41F /* Twitter Clone.app */ = {isa = PBXFileReference; explicitFileType = wrapper.application; includeInIndex = 0; path = "Twitter Clone.app"; sourceTree = BUILT_PRODUCTS_DIR; };
		ED05C0162DE9561700E6C41F /* Twitter CloneTests.xctest */ = {isa = PBXFileReference; explicitFileType = wrapper.cfbundle; includeInIndex = 0; path = "Twitter CloneTests.xctest"; sourceTree = BUILT_PRODUCTS_DIR; };
		ED05C0202DE9561700E6C41F /* Twitter CloneUITests.xctest */ = {isa = PBXFileReference; explicitFileType = wrapper.cfbundle; includeInIndex = 0; path = "Twitter CloneUITests.xctest"; sourceTree = BUILT_PRODUCTS_DIR; };
/* End PBXFileReference section */

/* Begin PBXFileSystemSynchronizedBuildFileExceptionSet section */
		ED05C0282DE9561700E6C41F /* Exceptions for "Twitter Clone" folder in "Twitter Clone" target */ = {
			isa = PBXFileSystemSynchronizedBuildFileExceptionSet;
			membershipExceptions = (
				Info.plist,
			);
			target = ED05BFFF2DE9561400E6C41F /* Twitter Clone */;
		};
/* End PBXFileSystemSynchronizedBuildFileExceptionSet section */

/* Begin PBXFileSystemSynchronizedRootGroup section */
		ED05C0022DE9561400E6C41F /* Twitter Clone */ = {
			isa = PBXFileSystemSynchronizedRootGroup;
			exceptions = (
				ED05C0282DE9561700E6C41F /* Exceptions for "Twitter Clone" folder in "Twitter Clone" target */,
			);
			path = "Twitter Clone";
			sourceTree = "<group>";
		};
		ED05C0192DE9561700E6C41F /* Twitter CloneTests */ = {
			isa = PBXFileSystemSynchronizedRootGroup;
			path = "Twitter CloneTests";
			sourceTree = "<group>";
		};
		ED05C0232DE9561700E6C41F /* Twitter CloneUITests */ = {
			isa = PBXFileSystemSynchronizedRootGroup;
			path = "Twitter CloneUITests";
			sourceTree = "<group>";
		};
/* End PBXFileSystemSynchronizedRootGroup section */

/* Begin PBXFrameworksBuildPhase section */
		ED05BFFD2DE9561400E6C41F /* Frameworks */ = {
			isa = PBXFrameworksBuildPhase;
			buildActionMask = 2147483647;
			files = (
			);
			runOnlyForDeploymentPostprocessing = 0;
		};
		ED05C0132DE9561700E6C41F /* Frameworks */ = {
			isa = PBXFrameworksBuildPhase;
			buildActionMask = 2147483647;
			files = (
			);
			runOnlyForDeploymentPostprocessing = 0;
		};
		ED05C01D2DE9561700E6C41F /* Frameworks */ = {
			isa = PBXFrameworksBuildPhase;
			buildActionMask = 2147483647;
			files = (
			);
			runOnlyForDeploymentPostprocessing = 0;
		};
/* End PBXFrameworksBuildPhase section */

/* Begin PBXGroup section */
		ED05BFF72DE9561400E6C41F = {
			isa = PBXGroup;
			children = (
				ED05C0022DE9561400E6C41F /* Twitter Clone */,
				ED05C0192DE9561700E6C41F /* Twitter CloneTests */,
				ED05C0232DE9561700E6C41F /* Twitter CloneUITests */,
				ED05C0012DE9561400E6C41F /* Products */,
			);
			sourceTree = "<group>";
		};
		ED05C0012DE9561400E6C41F /* Products */ = {
			isa = PBXGroup;
			children = (
				ED05C0002DE9561400E6C41F /* Twitter Clone.app */,
				ED05C0162DE9561700E6C41F /* Twitter CloneTests.xctest */,
				ED05C0202DE9561700E6C41F /* Twitter CloneUITests.xctest */,
			);
			name = Products;
			sourceTree = "<group>";
		};
/* End PBXGroup section */

/* Begin PBXNativeTarget section */
		ED05BFFF2DE9561400E6C41F /* Twitter Clone */ = {
			isa = PBXNativeTarget;
			buildConfigurationList = ED05C0292DE9561700E6C41F /* Build configuration list for PBXNativeTarget "Twitter Clone" */;
			buildPhases = (
				ED05BFFC2DE9561400E6C41F /* Sources */,
				ED05BFFD2DE9561400E6C41F /* Frameworks */,
				ED05BFFE2DE9561400E6C41F /* Resources */,
			);
			buildRules = (
			);
			dependencies = (
			);
			fileSystemSynchronizedGroups = (
				ED05C0022DE9561400E6C41F /* Twitter Clone */,
			);
			name = "Twitter Clone";
			packageProductDependencies = (
			);
			productName = "Twitter Clone";
			productReference = ED05C0002DE9561400E6C41F /* Twitter Clone.app */;
			productType = "com.apple.product-type.application";
		};
		ED05C0152DE9561700E6C41F /* Twitter CloneTests */ = {
			isa = PBXNativeTarget;
			buildConfigurationList = ED05C02E2DE9561700E6C41F /* Build configuration list for PBXNativeTarget "Twitter CloneTests" */;
			buildPhases = (
				ED05C0122DE9561700E6C41F /* Sources */,
				ED05C0132DE9561700E6C41F /* Frameworks */,
				ED05C0142DE9561700E6C41F /* Resources */,
			);
			buildRules = (
			);
			dependencies = (
				ED05C0182DE9561700E6C41F /* PBXTargetDependency */,
			);
			fileSystemSynchronizedGroups = (
				ED05C0192DE9561700E6C41F /* Twitter CloneTests */,
			);
			name = "Twitter CloneTests";
			packageProductDependencies = (
			);
			productName = "Twitter CloneTests";
			productReference = ED05C0162DE9561700E6C41F /* Twitter CloneTests.xctest */;
			productType = "com.apple.product-type.bundle.unit-test";
		};
		ED05C01F2DE9561700E6C41F /* Twitter CloneUITests */ = {
			isa = PBXNativeTarget;
			buildConfigurationList = ED05C0312DE9561700E6C41F /* Build configuration list for PBXNativeTarget "Twitter CloneUITests" */;
			buildPhases = (
				ED05C01C2DE9561700E6C41F /* Sources */,
				ED05C01D2DE9561700E6C41F /* Frameworks */,
				ED05C01E2DE9561700E6C41F /* Resources */,
			);
			buildRules = (
			);
			dependencies = (
				ED05C0222DE9561700E6C41F /* PBXTargetDependency */,
			);
			fileSystemSynchronizedGroups = (
				ED05C0232DE9561700E6C41F /* Twitter CloneUITests */,
			);
			name = "Twitter CloneUITests";
			packageProductDependencies = (
			);
			productName = "Twitter CloneUITests";
			productReference = ED05C0202DE9561700E6C41F /* Twitter CloneUITests.xctest */;
			productType = "com.apple.product-type.bundle.ui-testing";
		};
/* End PBXNativeTarget section */

/* Begin PBXProject section */
		ED05BFF82DE9561400E6C41F /* Project object */ = {
			isa = PBXProject;
			attributes = {
				BuildIndependentTargetsInParallel = 1;
				LastSwiftUpdateCheck = 1630;
				LastUpgradeCheck = 1630;
				TargetAttributes = {
					ED05BFFF2DE9561400E6C41F = {
						CreatedOnToolsVersion = 16.3;
					};
					ED05C0152DE9561700E6C41F = {
						CreatedOnToolsVersion = 16.3;
						TestTargetID = ED05BFFF2DE9561400E6C41F;
					};
					ED05C01F2DE9561700E6C41F = {
						CreatedOnToolsVersion = 16.3;
						TestTargetID = ED05BFFF2DE9561400E6C41F;
					};
				};
			};
			buildConfigurationList = ED05BFFB2DE9561400E6C41F /* Build configuration list for PBXProject "Twitter Clone" */;
			developmentRegion = en;
			hasScannedForEncodings = 0;
			knownRegions = (
				en,
				Base,
			);
			mainGroup = ED05BFF72DE9561400E6C41F;
			minimizedProjectReferenceProxies = 1;
			preferredProjectObjectVersion = 77;
			productRefGroup = ED05C0012DE9561400E6C41F /* Products */;
			projectDirPath = "";
			projectRoot = "";
			targets = (
				ED05BFFF2DE9561400E6C41F /* Twitter Clone */,
				ED05C0152DE9561700E6C41F /* Twitter CloneTests */,
				ED05C01F2DE9561700E6C41F /* Twitter CloneUITests */,
			);
		};
/* End PBXProject section */

/* Begin PBXResourcesBuildPhase section */
		ED05BFFE2DE9561400E6C41F /* Resources */ = {
			isa = PBXResourcesBuildPhase;
			buildActionMask = 2147483647;
			files = (
			);
			runOnlyForDeploymentPostprocessing = 0;
		};
		ED05C0142DE9561700E6C41F /* Resources */ = {
			isa = PBXResourcesBuildPhase;
			buildActionMask = 2147483647;
			files = (
			);
			runOnlyForDeploymentPostprocessing = 0;
		};
		ED05C01E2DE9561700E6C41F /* Resources */ = {
			isa = PBXResourcesBuildPhase;
			buildActionMask = 2147483647;
			files = (
			);
			runOnlyForDeploymentPostprocessing = 0;
		};
/* End PBXResourcesBuildPhase section */

/* Begin PBXSourcesBuildPhase section */
		ED05BFFC2DE9561400E6C41F /* Sources */ = {
			isa = PBXSourcesBuildPhase;
			buildActionMask = 2147483647;
			files = (
			);
			runOnlyForDeploymentPostprocessing = 0;
		};
		ED05C0122DE9561700E6C41F /* Sources */ = {
			isa = PBXSourcesBuildPhase;
			buildActionMask = 2147483647;
			files = (
			);
			runOnlyForDeploymentPostprocessing = 0;
		};
		ED05C01C2DE9561700E6C41F /* Sources */ = {
			isa = PBXSourcesBuildPhase;
			buildActionMask = 2147483647;
			files = (
			);
			runOnlyForDeploymentPostprocessing = 0;
		};
/* End PBXSourcesBuildPhase section */

/* Begin PBXTargetDependency section */
		ED05C0182DE9561700E6C41F /* PBXTargetDependency */ = {
			isa = PBXTargetDependency;
			target = ED05BFFF2DE9561400E6C41F /* Twitter Clone */;
			targetProxy = ED05C0172DE9561700E6C41F /* PBXContainerItemProxy */;
		};
		ED05C0222DE9561700E6C41F /* PBXTargetDependency */ = {
			isa = PBXTargetDependency;
			target = ED05BFFF2DE9561400E6C41F /* Twitter Clone */;
			targetProxy = ED05C0212DE9561700E6C41F /* PBXContainerItemProxy */;
		};
/* End PBXTargetDependency section */

/* Begin XCBuildConfiguration section */
		ED05C02A2DE9561700E6C41F /* Debug */ = {
			isa = XCBuildConfiguration;
			buildSettings = {
				ASSETCATALOG_COMPILER_APPICON_NAME = AppIcon;
				ASSETCATALOG_COMPILER_GLOBAL_ACCENT_COLOR_NAME = AccentColor;
				CODE_SIGN_STYLE = Automatic;
				CURRENT_PROJECT_VERSION = 1;
				GENERATE_INFOPLIST_FILE = YES;
				INFOPLIST_FILE = "Twitter Clone/Info.plist";
				INFOPLIST_KEY_UIApplicationSupportsIndirectInputEvents = YES;
				INFOPLIST_KEY_UILaunchStoryboardName = LaunchScreen;
				INFOPLIST_KEY_UIMainStoryboardFile = Main;
				INFOPLIST_KEY_UISupportedInterfaceOrientations_iPad = "UIInterfaceOrientationPortrait UIInterfaceOrientationPortraitUpsideDown UIInterfaceOrientationLandscapeLeft UIInterfaceOrientationLandscapeRight";
				INFOPLIST_KEY_UISupportedInterfaceOrientations_iPhone = "UIInterfaceOrientationPortrait UIInterfaceOrientationLandscapeLeft UIInterfaceOrientationLandscapeRight";
				LD_RUNPATH_SEARCH_PATHS = (
					"$(inherited)",
					"@executable_path/Frameworks",
				);
				MARKETING_VERSION = 1.0;
				PRODUCT_BUNDLE_IDENTIFIER = com.gamalielara.twitterclone;
				PRODUCT_NAME = "$(TARGET_NAME)";
				SWIFT_EMIT_LOC_STRINGS = YES;
				SWIFT_VERSION = 5.0;
				TARGETED_DEVICE_FAMILY = "1,2";
			};
			name = Debug;
		};
		ED05C02B2DE9561700E6C41F /* Release */ = {
			isa = XCBuildConfiguration;
			buildSettings = {
				ASSETCATALOG_COMPILER_APPICON_NAME = AppIcon;
				ASSETCATALOG_COMPILER_GLOBAL_ACCENT_COLOR_NAME = AccentColor;
				CODE_SIGN_STYLE = Automatic;
				CURRENT_PROJECT_VERSION = 1;
				GENERATE_INFOPLIST_FILE = YES;
				INFOPLIST_FILE = "Twitter Clone/Info.plist";
				INFOPLIST_KEY_UIApplicationSupportsIndirectInputEvents = YES;
				INFOPLIST_KEY_UILaunchStoryboardName = LaunchScreen;
				INFOPLIST_KEY_UIMainStoryboardFile = Main;
				INFOPLIST_KEY_UISupportedInterfaceOrientations_iPad = "UIInterfaceOrientationPortrait UIInterfaceOrientationPortraitUpsideDown UIInterfaceOrientationLandscapeLeft UIInterfaceOrientationLandscapeRight";
				INFOPLIST_KEY_UISupportedInterfaceOrientations_iPhone = "UIInterfaceOrientationPortrait UIInterfaceOrientationLandscapeLeft UIInterfaceOrientationLandscapeRight";
				LD_RUNPATH_SEARCH_PATHS = (
					"$(inherited)",
					"@executable_path/Frameworks",
				);
				MARKETING_VERSION = 1.0;
				PRODUCT_BUNDLE_IDENTIFIER = com.gamalielara.twitterclone;
				PRODUCT_NAME = "$(TARGET_NAME)";
				SWIFT_EMIT_LOC_STRINGS = YES;
				SWIFT_VERSION = 5.0;
				TARGETED_DEVICE_FAMILY = "1,2";
			};
			name = Release;
		};
		ED05C02C2DE9561700E6C41F /* Debug */ = {
			isa = XCBuildConfiguration;
			buildSettings = {
				ALWAYS_SEARCH_USER_PATHS = NO;
				ASSETCATALOG_COMPILER_GENERATE_SWIFT_ASSET_SYMBOL_EXTENSIONS = YES;
				CLANG_ANALYZER_NONNULL = YES;
				CLANG_ANALYZER_NUMBER_OBJECT_CONVERSION = YES_AGGRESSIVE;
				CLANG_CXX_LANGUAGE_STANDARD = "gnu++20";
				CLANG_ENABLE_MODULES = YES;
				CLANG_ENABLE_OBJC_ARC = YES;
				CLANG_ENABLE_OBJC_WEAK = YES;
				CLANG_WARN_BLOCK_CAPTURE_AUTORELEASING = YES;
				CLANG_WARN_BOOL_CONVERSION = YES;
				CLANG_WARN_COMMA = YES;
				CLANG_WARN_CONSTANT_CONVERSION = YES;
				CLANG_WARN_DEPRECATED_OBJC_IMPLEMENTATIONS = YES;
				CLANG_WARN_DIRECT_OBJC_ISA_USAGE = YES_ERROR;
				CLANG_WARN_DOCUMENTATION_COMMENTS = YES;
				CLANG_WARN_EMPTY_BODY = YES;
				CLANG_WARN_ENUM_CONVERSION = YES;
				CLANG_WARN_INFINITE_RECURSION = YES;
				CLANG_WARN_INT_CONVERSION = YES;
				CLANG_WARN_NON_LITERAL_NULL_CONVERSION = YES;
				CLANG_WARN_OBJC_IMPLICIT_RETAIN_SELF = YES;
				CLANG_WARN_OBJC_LITERAL_CONVERSION = YES;
				CLANG_WARN_OBJC_ROOT_CLASS = YES_ERROR;
				CLANG_WARN_QUOTED_INCLUDE_IN_FRAMEWORK_HEADER = YES;
				CLANG_WARN_RANGE_LOOP_ANALYSIS = YES;
				CLANG_WARN_STRICT_PROTOTYPES = YES;
				CLANG_WARN_SUSPICIOUS_MOVE = YES;
				CLANG_WARN_UNGUARDED_AVAILABILITY = YES_AGGRESSIVE;
				CLANG_WARN_UNREACHABLE_CODE = YES;
				CLANG_WARN__DUPLICATE_METHOD_MATCH = YES;
				COPY_PHASE_STRIP = NO;
				DEBUG_INFORMATION_FORMAT = dwarf;
				ENABLE_STRICT_OBJC_MSGSEND = YES;
				ENABLE_TESTABILITY = YES;
				ENABLE_USER_SCRIPT_SANDBOXING = YES;
				GCC_C_LANGUAGE_STANDARD = gnu17;
				GCC_DYNAMIC_NO_PIC = NO;
				GCC_NO_COMMON_BLOCKS = YES;
				GCC_OPTIMIZATION_LEVEL = 0;
				GCC_PREPROCESSOR_DEFINITIONS = (
					"DEBUG=1",
					"$(inherited)",
				);
				GCC_WARN_64_TO_32_BIT_CONVERSION = YES;
				GCC_WARN_ABOUT_RETURN_TYPE = YES_ERROR;
				GCC_WARN_UNDECLARED_SELECTOR = YES;
				GCC_WARN_UNINITIALIZED_AUTOS = YES_AGGRESSIVE;
				GCC_WARN_UNUSED_FUNCTION = YES;
				GCC_WARN_UNUSED_VARIABLE = YES;
				IPHONEOS_DEPLOYMENT_TARGET = 18.4;
				LOCALIZATION_PREFERS_STRING_CATALOGS = YES;
				MTL_ENABLE_DEBUG_INFO = INCLUDE_SOURCE;
				MTL_FAST_MATH = YES;
				ONLY_ACTIVE_ARCH = YES;
				SDKROOT = iphoneos;
				SWIFT_ACTIVE_COMPILATION_CONDITIONS = "DEBUG $(inherited)";
				SWIFT_OPTIMIZATION_LEVEL = "-Onone";
			};
			name = Debug;
		};
		ED05C02D2DE9561700E6C41F /* Release */ = {
			isa = XCBuildConfiguration;
			buildSettings = {
				ALWAYS_SEARCH_USER_PATHS = NO;
				ASSETCATALOG_COMPILER_GENERATE_SWIFT_ASSET_SYMBOL_EXTENSIONS = YES;
				CLANG_ANALYZER_NONNULL = YES;
				CLANG_ANALYZER_NUMBER_OBJECT_CONVERSION = YES_AGGRESSIVE;
				CLANG_CXX_LANGUAGE_STANDARD = "gnu++20";
				CLANG_ENABLE_MODULES = YES;
				CLANG_ENABLE_OBJC_ARC = YES;
				CLANG_ENABLE_OBJC_WEAK = YES;
				CLANG_WARN_BLOCK_CAPTURE_AUTORELEASING = YES;
				CLANG_WARN_BOOL_CONVERSION = YES;
				CLANG_WARN_COMMA = YES;
				CLANG_WARN_CONSTANT_CONVERSION = YES;
				CLANG_WARN_DEPRECATED_OBJC_IMPLEMENTATIONS = YES;
				CLANG_WARN_DIRECT_OBJC_ISA_USAGE = YES_ERROR;
				CLANG_WARN_DOCUMENTATION_COMMENTS = YES;
				CLANG_WARN_EMPTY_BODY = YES;
				CLANG_WARN_ENUM_CONVERSION = YES;
				CLANG_WARN_INFINITE_RECURSION = YES;
				CLANG_WARN_INT_CONVERSION = YES;
				CLANG_WARN_NON_LITERAL_NULL_CONVERSION = YES;
				CLANG_WARN_OBJC_IMPLICIT_RETAIN_SELF = YES;
				CLANG_WARN_OBJC_LITERAL_CONVERSION = YES;
				CLANG_WARN_OBJC_ROOT_CLASS = YES_ERROR;
				CLANG_WARN_QUOTED_INCLUDE_IN_FRAMEWORK_HEADER = YES;
				CLANG_WARN_RANGE_LOOP_ANALYSIS = YES;
				CLANG_WARN_STRICT_PROTOTYPES = YES;
				CLANG_WARN_SUSPICIOUS_MOVE = YES;
				CLANG_WARN_UNGUARDED_AVAILABILITY = YES_AGGRESSIVE;
				CLANG_WARN_UNREACHABLE_CODE = YES;
				CLANG_WARN__DUPLICATE_METHOD_MATCH = YES;
				COPY_PHASE_STRIP = NO;
				DEBUG_INFORMATION_FORMAT = "dwarf-with-dsym";
				ENABLE_NS_ASSERTIONS = NO;
				ENABLE_STRICT_OBJC_MSGSEND = YES;
				ENABLE_USER_SCRIPT_SANDBOXING = YES;
				GCC_C_LANGUAGE_STANDARD = gnu17;
				GCC_NO_COMMON_BLOCKS = YES;
				GCC_WARN_64_TO_32_BIT_CONVERSION = YES;
				GCC_WARN_ABOUT_RETURN_TYPE = YES_ERROR;
				GCC_WARN_UNDECLARED_SELECTOR = YES;
				GCC_WARN_UNINITIALIZED_AUTOS = YES_AGGRESSIVE;
				GCC_WARN_UNUSED_FUNCTION = YES;
				GCC_WARN_UNUSED_VARIABLE = YES;
				IPHONEOS_DEPLOYMENT_TARGET = 18.4;
				LOCALIZATION_PREFERS_STRING_CATALOGS = YES;
				MTL_ENABLE_DEBUG_INFO = NO;
				MTL_FAST_MATH = YES;
				SDKROOT = iphoneos;
				SWIFT_COMPILATION_MODE = wholemodule;
				VALIDATE_PRODUCT = YES;
			};
			name = Release;
		};
		ED05C02F2DE9561700E6C41F /* Debug */ = {
			isa = XCBuildConfiguration;
			buildSettings = {
				BUNDLE_LOADER = "$(TEST_HOST)";
				CODE_SIGN_STYLE = Automatic;
				CURRENT_PROJECT_VERSION = 1;
				GENERATE_INFOPLIST_FILE = YES;
				IPHONEOS_DEPLOYMENT_TARGET = 18.4;
				MARKETING_VERSION = 1.0;
				PRODUCT_BUNDLE_IDENTIFIER = "com.gamalielara.Twitter-CloneTests";
				PRODUCT_NAME = "$(TARGET_NAME)";
				SWIFT_EMIT_LOC_STRINGS = NO;
				SWIFT_VERSION = 5.0;
				TARGETED_DEVICE_FAMILY = "1,2";
				TEST_HOST = "$(BUILT_PRODUCTS_DIR)/Twitter Clone.app/$(BUNDLE_EXECUTABLE_FOLDER_PATH)/Twitter Clone";
			};
			name = Debug;
		};
		ED05C0302DE9561700E6C41F /* Release */ = {
			isa = XCBuildConfiguration;
			buildSettings = {
				BUNDLE_LOADER = "$(TEST_HOST)";
				CODE_SIGN_STYLE = Automatic;
				CURRENT_PROJECT_VERSION = 1;
				GENERATE_INFOPLIST_FILE = YES;
				IPHONEOS_DEPLOYMENT_TARGET = 18.4;
				MARKETING_VERSION = 1.0;
				PRODUCT_BUNDLE_IDENTIFIER = "com.gamalielara.Twitter-CloneTests";
				PRODUCT_NAME = "$(TARGET_NAME)";
				SWIFT_EMIT_LOC_STRINGS = NO;
				SWIFT_VERSION = 5.0;
				TARGETED_DEVICE_FAMILY = "1,2";
				TEST_HOST = "$(BUILT_PRODUCTS_DIR)/Twitter Clone.app/$(BUNDLE_EXECUTABLE_FOLDER_PATH)/Twitter Clone";
			};
			name = Release;
		};
		ED05C0322DE9561700E6C41F /* Debug */ = {
			isa = XCBuildConfiguration;
			buildSettings = {
				CODE_SIGN_STYLE = Automatic;
				CURRENT_PROJECT_VERSION = 1;
				GENERATE_INFOPLIST_FILE = YES;
				MARKETING_VERSION = 1.0;
				PRODUCT_BUNDLE_IDENTIFIER = "com.gamalielara.Twitter-CloneUITests";
				PRODUCT_NAME = "$(TARGET_NAME)";
				SWIFT_EMIT_LOC_STRINGS = NO;
				SWIFT_VERSION = 5.0;
				TARGETED_DEVICE_FAMILY = "1,2";
				TEST_TARGET_NAME = "Twitter Clone";
			};
			name = Debug;
		};
		ED05C0332DE9561700E6C41F /* Release */ = {
			isa = XCBuildConfiguration;
			buildSettings = {
				CODE_SIGN_STYLE = Automatic;
				CURRENT_PROJECT_VERSION = 1;
				GENERATE_INFOPLIST_FILE = YES;
				MARKETING_VERSION = 1.0;
				PRODUCT_BUNDLE_IDENTIFIER = "com.gamalielara.Twitter-CloneUITests";
				PRODUCT_NAME = "$(TARGET_NAME)";
				SWIFT_EMIT_LOC_STRINGS = NO;
				SWIFT_VERSION = 5.0;
				TARGETED_DEVICE_FAMILY = "1,2";
				TEST_TARGET_NAME = "Twitter Clone";
			};
			name = Release;
		};
/* End XCBuildConfiguration section */

/* Begin XCConfigurationList section */
		ED05BFFB2DE9561400E6C41F /* Build configuration list for PBXProject "Twitter Clone" */ = {
			isa = XCConfigurationList;
			buildConfigurations = (
				ED05C02C2DE9561700E6C41F /* Debug */,
				ED05C02D2DE9561700E6C41F /* Release */,
			);
			defaultConfigurationIsVisible = 0;
			defaultConfigurationName = Release;
		};
		ED05C0292DE9561700E6C41F /* Build configuration list for PBXNativeTarget "Twitter Clone" */ = {
			isa = XCConfigurationList;
			buildConfigurations = (
				ED05C02A2DE9561700E6C41F /* Debug */,
				ED05C02B2DE9561700E6C41F /* Release */,
			);
			defaultConfigurationIsVisible = 0;
			defaultConfigurationName = Release;
		};
		ED05C02E2DE9561700E6C41F /* Build configuration list for PBXNativeTarget "Twitter CloneTests" */ = {
			isa = XCConfigurationList;
			buildConfigurations = (
				ED05C02F2DE9561700E6C41F /* Debug */,
				ED05C0302DE9561700E6C41F /* Release */,
			);
			defaultConfigurationIsVisible = 0;
			defaultConfigurationName = Release;
		};
		ED05C0312DE9561700E6C41F /* Build configuration list for PBXNativeTarget "Twitter CloneUITests" */ = {
			isa = XCConfigurationList;
			buildConfigurations = (
				ED05C0322DE9561700E6C41F /* Debug */,
				ED05C0332DE9561700E6C41F /* Release */,
			);
			defaultConfigurationIsVisible = 0;
			defaultConfigurationName = Release;
		};
/* End XCConfigurationList section */
	};
	rootObject = ED05BFF82DE9561400E6C41F /* Project object */;
}
